// !$*UTF8*$!
{
	archiveVersion = 1;
	classes = {
	};
	objectVersion = 46;
	objects = {

/* Begin PBXBuildFile section */
		A271B8651F6E305F00401C54 /* AppDelegate.swift in Sources */ = {isa = PBXBuildFile; fileRef = A271B8641F6E305F00401C54 /* AppDelegate.swift */; };
		A271B8671F6E305F00401C54 /* ViewController.swift in Sources */ = {isa = PBXBuildFile; fileRef = A271B8661F6E305F00401C54 /* ViewController.swift */; };
		A271B86A1F6E305F00401C54 /* Main.storyboard in Resources */ = {isa = PBXBuildFile; fileRef = A271B8681F6E305F00401C54 /* Main.storyboard */; };
		A271B86C1F6E305F00401C54 /* Assets.xcassets in Resources */ = {isa = PBXBuildFile; fileRef = A271B86B1F6E305F00401C54 /* Assets.xcassets */; };
		A271B86F1F6E305F00401C54 /* LaunchScreen.storyboard in Resources */ = {isa = PBXBuildFile; fileRef = A271B86D1F6E305F00401C54 /* LaunchScreen.storyboard */; };
		A271B8771F6E324E00401C54 /* EOError.swift in Sources */ = {isa = PBXBuildFile; fileRef = A271B8761F6E324E00401C54 /* EOError.swift */; };
		A271B8791F6E34B900401C54 /* EONET.swift in Sources */ = {isa = PBXBuildFile; fileRef = A271B8781F6E34B900401C54 /* EONET.swift */; };
		A271B87B1F6E3BF000401C54 /* EOCategory.swift in Sources */ = {isa = PBXBuildFile; fileRef = A271B87A1F6E3BF000401C54 /* EOCategory.swift */; };
		C03F8ADFABD372B7439BA21F /* Pods_sample.framework in Frameworks */ = {isa = PBXBuildFile; fileRef = BD84A7EEDFA4711F1EB02803 /* Pods_sample.framework */; };
/* End PBXBuildFile section */

/* Begin PBXFileReference section */
		2A517E16611E9DD59919A998 /* Pods-sample.release.xcconfig */ = {isa = PBXFileReference; includeInIndex = 1; lastKnownFileType = text.xcconfig; name = "Pods-sample.release.xcconfig"; path = "Pods/Target Support Files/Pods-sample/Pods-sample.release.xcconfig"; sourceTree = "<group>"; };
		4BCA480D1039E00BABA1680E /* Pods-sample.debug.xcconfig */ = {isa = PBXFileReference; includeInIndex = 1; lastKnownFileType = text.xcconfig; name = "Pods-sample.debug.xcconfig"; path = "Pods/Target Support Files/Pods-sample/Pods-sample.debug.xcconfig"; sourceTree = "<group>"; };
		A271B8611F6E305F00401C54 /* sample.app */ = {isa = PBXFileReference; explicitFileType = wrapper.application; includeInIndex = 0; path = sample.app; sourceTree = BUILT_PRODUCTS_DIR; };
		A271B8641F6E305F00401C54 /* AppDelegate.swift */ = {isa = PBXFileReference; lastKnownFileType = sourcecode.swift; path = AppDelegate.swift; sourceTree = "<group>"; };
		A271B8661F6E305F00401C54 /* ViewController.swift */ = {isa = PBXFileReference; lastKnownFileType = sourcecode.swift; path = ViewController.swift; sourceTree = "<group>"; };
		A271B8691F6E305F00401C54 /* Base */ = {isa = PBXFileReference; lastKnownFileType = file.storyboard; name = Base; path = Base.lproj/Main.storyboard; sourceTree = "<group>"; };
		A271B86B1F6E305F00401C54 /* Assets.xcassets */ = {isa = PBXFileReference; lastKnownFileType = folder.assetcatalog; path = Assets.xcassets; sourceTree = "<group>"; };
		A271B86E1F6E305F00401C54 /* Base */ = {isa = PBXFileReference; lastKnownFileType = file.storyboard; name = Base; path = Base.lproj/LaunchScreen.storyboard; sourceTree = "<group>"; };
		A271B8701F6E305F00401C54 /* Info.plist */ = {isa = PBXFileReference; lastKnownFileType = text.plist.xml; path = Info.plist; sourceTree = "<group>"; };
		A271B8761F6E324E00401C54 /* EOError.swift */ = {isa = PBXFileReference; fileEncoding = 4; lastKnownFileType = sourcecode.swift; path = EOError.swift; sourceTree = "<group>"; };
		A271B8781F6E34B900401C54 /* EONET.swift */ = {isa = PBXFileReference; fileEncoding = 4; lastKnownFileType = sourcecode.swift; path = EONET.swift; sourceTree = "<group>"; };
		A271B87A1F6E3BF000401C54 /* EOCategory.swift */ = {isa = PBXFileReference; fileEncoding = 4; lastKnownFileType = sourcecode.swift; path = EOCategory.swift; sourceTree = "<group>"; };
		BD84A7EEDFA4711F1EB02803 /* Pods_sample.framework */ = {isa = PBXFileReference; explicitFileType = wrapper.framework; includeInIndex = 0; path = Pods_sample.framework; sourceTree = BUILT_PRODUCTS_DIR; };
/* End PBXFileReference section */

/* Begin PBXFrameworksBuildPhase section */
		A271B85E1F6E305F00401C54 /* Frameworks */ = {
			isa = PBXFrameworksBuildPhase;
			buildActionMask = 2147483647;
			files = (
				C03F8ADFABD372B7439BA21F /* Pods_sample.framework in Frameworks */,
			);
			runOnlyForDeploymentPostprocessing = 0;
		};
/* End PBXFrameworksBuildPhase section */

/* Begin PBXGroup section */
		71BE991BAD10FAED2FB4B93D /* Pods */ = {
			isa = PBXGroup;
			children = (
				4BCA480D1039E00BABA1680E /* Pods-sample.debug.xcconfig */,
				2A517E16611E9DD59919A998 /* Pods-sample.release.xcconfig */,
			);
			name = Pods;
			sourceTree = "<group>";
		};
		8C404D986ED47EBBEA232B53 /* Frameworks */ = {
			isa = PBXGroup;
			children = (
				BD84A7EEDFA4711F1EB02803 /* Pods_sample.framework */,
			);
			name = Frameworks;
			sourceTree = "<group>";
		};
		A271B8581F6E305F00401C54 = {
			isa = PBXGroup;
			children = (
				A271B8631F6E305F00401C54 /* sample */,
				A271B8621F6E305F00401C54 /* Products */,
				71BE991BAD10FAED2FB4B93D /* Pods */,
				8C404D986ED47EBBEA232B53 /* Frameworks */,
			);
			sourceTree = "<group>";
		};
		A271B8621F6E305F00401C54 /* Products */ = {
			isa = PBXGroup;
			children = (
				A271B8611F6E305F00401C54 /* sample.app */,
			);
			name = Products;
			sourceTree = "<group>";
		};
		A271B8631F6E305F00401C54 /* sample */ = {
			isa = PBXGroup;
			children = (
				A271B8641F6E305F00401C54 /* AppDelegate.swift */,
				A271B8661F6E305F00401C54 /* ViewController.swift */,
				A271B8761F6E324E00401C54 /* EOError.swift */,
				A271B87A1F6E3BF000401C54 /* EOCategory.swift */,
				A271B8781F6E34B900401C54 /* EONET.swift */,
				A271B8681F6E305F00401C54 /* Main.storyboard */,
				A271B86B1F6E305F00401C54 /* Assets.xcassets */,
				A271B86D1F6E305F00401C54 /* LaunchScreen.storyboard */,
				A271B8701F6E305F00401C54 /* Info.plist */,
			);
			path = sample;
			sourceTree = "<group>";
		};
/* End PBXGroup section */

/* Begin PBXNativeTarget section */
		A271B8601F6E305F00401C54 /* sample */ = {
			isa = PBXNativeTarget;
			buildConfigurationList = A271B8731F6E305F00401C54 /* Build configuration list for PBXNativeTarget "sample" */;
			buildPhases = (
				44CAEABC1ABDF8ADDC3431B5 /* [CP] Check Pods Manifest.lock */,
				A271B85D1F6E305F00401C54 /* Sources */,
				A271B85E1F6E305F00401C54 /* Frameworks */,
				A271B85F1F6E305F00401C54 /* Resources */,
				D8CB82EF7F32E91B520F93D7 /* [CP] Embed Pods Frameworks */,
				5A0DFA07F462AA81FBA2CC07 /* [CP] Copy Pods Resources */,
			);
			buildRules = (
			);
			dependencies = (
			);
			name = sample;
			productName = sample;
			productReference = A271B8611F6E305F00401C54 /* sample.app */;
			productType = "com.apple.product-type.application";
		};
/* End PBXNativeTarget section */

/* Begin PBXProject section */
		A271B8591F6E305F00401C54 /* Project object */ = {
			isa = PBXProject;
			attributes = {
				LastSwiftUpdateCheck = 0830;
				LastUpgradeCheck = 0830;
				ORGANIZATIONNAME = "park kyung suk";
				TargetAttributes = {
					A271B8601F6E305F00401C54 = {
						CreatedOnToolsVersion = 8.3.3;
						DevelopmentTeam = 4NG4Y8JK7B;
						ProvisioningStyle = Automatic;
					};
				};
			};
			buildConfigurationList = A271B85C1F6E305F00401C54 /* Build configuration list for PBXProject "sample" */;
			compatibilityVersion = "Xcode 3.2";
			developmentRegion = English;
			hasScannedForEncodings = 0;
			knownRegions = (
				en,
				Base,
			);
			mainGroup = A271B8581F6E305F00401C54;
			productRefGroup = A271B8621F6E305F00401C54 /* Products */;
			projectDirPath = "";
			projectRoot = "";
			targets = (
				A271B8601F6E305F00401C54 /* sample */,
			);
		};
/* End PBXProject section */

/* Begin PBXResourcesBuildPhase section */
		A271B85F1F6E305F00401C54 /* Resources */ = {
			isa = PBXResourcesBuildPhase;
			buildActionMask = 2147483647;
			files = (
				A271B86F1F6E305F00401C54 /* LaunchScreen.storyboard in Resources */,
				A271B86C1F6E305F00401C54 /* Assets.xcassets in Resources */,
				A271B86A1F6E305F00401C54 /* Main.storyboard in Resources */,
			);
			runOnlyForDeploymentPostprocessing = 0;
		};
/* End PBXResourcesBuildPhase section */

/* Begin PBXShellScriptBuildPhase section */
		44CAEABC1ABDF8ADDC3431B5 /* [CP] Check Pods Manifest.lock */ = {
			isa = PBXShellScriptBuildPhase;
			buildActionMask = 2147483647;
			files = (
			);
			inputPaths = (
			);
			name = "[CP] Check Pods Manifest.lock";
			outputPaths = (
			);
			runOnlyForDeploymentPostprocessing = 0;
			shellPath = /bin/sh;
			shellScript = "diff \"${PODS_PODFILE_DIR_PATH}/Podfile.lock\" \"${PODS_ROOT}/Manifest.lock\" > /dev/null\nif [ $? != 0 ] ; then\n    # print error to STDERR\n    echo \"error: The sandbox is not in sync with the Podfile.lock. Run 'pod install' or update your CocoaPods installation.\" >&2\n    exit 1\nfi\n";
			showEnvVarsInLog = 0;
		};
		5A0DFA07F462AA81FBA2CC07 /* [CP] Copy Pods Resources */ = {
			isa = PBXShellScriptBuildPhase;
			buildActionMask = 2147483647;
			files = (
			);
			inputPaths = (
			);
			name = "[CP] Copy Pods Resources";
			outputPaths = (
			);
			runOnlyForDeploymentPostprocessing = 0;
			shellPath = /bin/sh;
			shellScript = "\"${SRCROOT}/Pods/Target Support Files/Pods-sample/Pods-sample-resources.sh\"\n";
			showEnvVarsInLog = 0;
		};
		D8CB82EF7F32E91B520F93D7 /* [CP] Embed Pods Frameworks */ = {
			isa = PBXShellScriptBuildPhase;
			buildActionMask = 2147483647;
			files = (
			);
			inputPaths = (
			);
			name = "[CP] Embed Pods Frameworks";
			outputPaths = (
			);
			runOnlyForDeploymentPostprocessing = 0;
			shellPath = /bin/sh;
			shellScript = "\"${SRCROOT}/Pods/Target Support Files/Pods-sample/Pods-sample-frameworks.sh\"\n";
			showEnvVarsInLog = 0;
		};
/* End PBXShellScriptBuildPhase section */

/* Begin PBXSourcesBuildPhase section */
		A271B85D1F6E305F00401C54 /* Sources */ = {
			isa = PBXSourcesBuildPhase;
			buildActionMask = 2147483647;
			files = (
				A271B8671F6E305F00401C54 /* ViewController.swift in Sources */,
				A271B8791F6E34B900401C54 /* EONET.swift in Sources */,
				A271B8771F6E324E00401C54 /* EOError.swift in Sources */,
				A271B8651F6E305F00401C54 /* AppDelegate.swift in Sources */,
				A271B87B1F6E3BF000401C54 /* EOCategory.swift in Sources */,
			);
			runOnlyForDeploymentPostprocessing = 0;
		};
/* End PBXSourcesBuildPhase section */

/* Begin PBXVariantGroup section */
		A271B8681F6E305F00401C54 /* Main.storyboard */ = {
			isa = PBXVariantGroup;
			children = (
				A271B8691F6E305F00401C54 /* Base */,
			);
			name = Main.storyboard;
			sourceTree = "<group>";
		};
		A271B86D1F6E305F00401C54 /* LaunchScreen.storyboard */ = {
			isa = PBXVariantGroup;
			children = (
				A271B86E1F6E305F00401C54 /* Base */,
			);
			name = LaunchScreen.storyboard;
			sourceTree = "<group>";
		};
/* End PBXVariantGroup section */

/* Begin XCBuildConfiguration section */
		A271B8711F6E305F00401C54 /* Debug */ = {
			isa = XCBuildConfiguration;
			buildSettings = {
				ALWAYS_SEARCH_USER_PATHS = NO;
				CLANG_ANALYZER_NONNULL = YES;
				CLANG_ANALYZER_NUMBER_OBJECT_CONVERSION = YES_AGGRESSIVE;
				CLANG_CXX_LANGUAGE_STANDARD = "gnu++0x";
				CLANG_CXX_LIBRARY = "libc++";
				CLANG_ENABLE_MODULES = YES;
				CLANG_ENABLE_OBJC_ARC = YES;
				CLANG_WARN_BOOL_CONVERSION = YES;
				CLANG_WARN_CONSTANT_CONVERSION = YES;
				CLANG_WARN_DIRECT_OBJC_ISA_USAGE = YES_ERROR;
				CLANG_WARN_DOCUMENTATION_COMMENTS = YES;
				CLANG_WARN_EMPTY_BODY = YES;
				CLANG_WARN_ENUM_CONVERSION = YES;
				CLANG_WARN_INFINITE_RECURSION = YES;
				CLANG_WARN_INT_CONVERSION = YES;
				CLANG_WARN_OBJC_ROOT_CLASS = YES_ERROR;
				CLANG_WARN_SUSPICIOUS_MOVE = YES;
				CLANG_WARN_UNREACHABLE_CODE = YES;
				CLANG_WARN__DUPLICATE_METHOD_MATCH = YES;
				"CODE_SIGN_IDENTITY[sdk=iphoneos*]" = "iPhone Developer";
				COPY_PHASE_STRIP = NO;
				DEBUG_INFORMATION_FORMAT = dwarf;
				ENABLE_STRICT_OBJC_MSGSEND = YES;
				ENABLE_TESTABILITY = YES;
				GCC_C_LANGUAGE_STANDARD = gnu99;
				GCC_DYNAMIC_NO_PIC = NO;
				GCC_NO_COMMON_BLOCKS = YES;
				GCC_OPTIMIZATION_LEVEL = 0;
				GCC_PREPROCESSOR_DEFINITIONS = (
					"DEBUG=1",
					"$(inherited)",
				);
				GCC_WARN_64_TO_32_BIT_CONVERSION = YES;
				GCC_WARN_ABOUT_RETURN_TYPE = YES_ERROR;
				GCC_WARN_UNDECLARED_SELECTOR = YES;
				GCC_WARN_UNINITIALIZED_AUTOS = YES_AGGRESSIVE;
				GCC_WARN_UNUSED_FUNCTION = YES;
				GCC_WARN_UNUSED_VARIABLE = YES;
				IPHONEOS_DEPLOYMENT_TARGET = 10.3;
				MTL_ENABLE_DEBUG_INFO = YES;
				ONLY_ACTIVE_ARCH = YES;
				SDKROOT = iphoneos;
				SWIFT_ACTIVE_COMPILATION_CONDITIONS = DEBUG;
				SWIFT_OPTIMIZATION_LEVEL = "-Onone";
				TARGETED_DEVICE_FAMILY = "1,2";
			};
			name = Debug;
		};
		A271B8721F6E305F00401C54 /* Release */ = {
			isa = XCBuildConfiguration;
			buildSettings = {
				ALWAYS_SEARCH_USER_PATHS = NO;
				CLANG_ANALYZER_NONNULL = YES;
				CLANG_ANALYZER_NUMBER_OBJECT_CONVERSION = YES_AGGRESSIVE;
				CLANG_CXX_LANGUAGE_STANDARD = "gnu++0x";
				CLANG_CXX_LIBRARY = "libc++";
				CLANG_ENABLE_MODULES = YES;
				CLANG_ENABLE_OBJC_ARC = YES;
				CLANG_WARN_BOOL_CONVERSION = YES;
				CLANG_WARN_CONSTANT_CONVERSION = YES;
				CLANG_WARN_DIRECT_OBJC_ISA_USAGE = YES_ERROR;
				CLANG_WARN_DOCUMENTATION_COMMENTS = YES;
				CLANG_WARN_EMPTY_BODY = YES;
				CLANG_WARN_ENUM_CONVERSION = YES;
				CLANG_WARN_INFINITE_RECURSION = YES;
				CLANG_WARN_INT_CONVERSION = YES;
				CLANG_WARN_OBJC_ROOT_CLASS = YES_ERROR;
				CLANG_WARN_SUSPICIOUS_MOVE = YES;
				CLANG_WARN_UNREACHABLE_CODE = YES;
				CLANG_WARN__DUPLICATE_METHOD_MATCH = YES;
				"CODE_SIGN_IDENTITY[sdk=iphoneos*]" = "iPhone Developer";
				COPY_PHASE_STRIP = NO;
				DEBUG_INFORMATION_FORMAT = "dwarf-with-dsym";
				ENABLE_NS_ASSERTIONS = NO;
				ENABLE_STRICT_OBJC_MSGSEND = YES;
				GCC_C_LANGUAGE_STANDARD = gnu99;
				GCC_NO_COMMON_BLOCKS = YES;
				GCC_WARN_64_TO_32_BIT_CONVERSION = YES;
				GCC_WARN_ABOUT_RETURN_TYPE = YES_ERROR;
				GCC_WARN_UNDECLARED_SELECTOR = YES;
				GCC_WARN_UNINITIALIZED_AUTOS = YES_AGGRESSIVE;
				GCC_WARN_UNUSED_FUNCTION = YES;
				GCC_WARN_UNUSED_VARIABLE = YES;
				IPHONEOS_DEPLOYMENT_TARGET = 10.3;
				MTL_ENABLE_DEBUG_INFO = NO;
				SDKROOT = iphoneos;
				SWIFT_OPTIMIZATION_LEVEL = "-Owholemodule";
				TARGETED_DEVICE_FAMILY = "1,2";
				VALIDATE_PRODUCT = YES;
			};
			name = Release;
		};
		A271B8741F6E305F00401C54 /* Debug */ = {
			isa = XCBuildConfiguration;
			baseConfigurationReference = 4BCA480D1039E00BABA1680E /* Pods-sample.debug.xcconfig */;
			buildSettings = {
				ASSETCATALOG_COMPILER_APPICON_NAME = AppIcon;
				DEVELOPMENT_TEAM = 4NG4Y8JK7B;
				INFOPLIST_FILE = sample/Info.plist;
				LD_RUNPATH_SEARCH_PATHS = "$(inherited) @executable_path/Frameworks";
				PRODUCT_BUNDLE_IDENTIFIER = ninimepaku.sample;
				PRODUCT_NAME = "$(TARGET_NAME)";
				SWIFT_VERSION = 3.0;
			};
			name = Debug;
		};
		A271B8751F6E305F00401C54 /* Release */ = {
			isa = XCBuildConfiguration;
			baseConfigurationReference = 2A517E16611E9DD59919A998 /* Pods-sample.release.xcconfig */;
			buildSettings = {
				ASSETCATALOG_COMPILER_APPICON_NAME = AppIcon;
				DEVELOPMENT_TEAM = 4NG4Y8JK7B;
				INFOPLIST_FILE = sample/Info.plist;
				LD_RUNPATH_SEARCH_PATHS = "$(inherited) @executable_path/Frameworks";
				PRODUCT_BUNDLE_IDENTIFIER = ninimepaku.sample;
				PRODUCT_NAME = "$(TARGET_NAME)";
				SWIFT_VERSION = 3.0;
			};
			name = Release;
		};
/* End XCBuildConfiguration section */

/* Begin XCConfigurationList section */
		A271B85C1F6E305F00401C54 /* Build configuration list for PBXProject "sample" */ = {
			isa = XCConfigurationList;
			buildConfigurations = (
				A271B8711F6E305F00401C54 /* Debug */,
				A271B8721F6E305F00401C54 /* Release */,
			);
			defaultConfigurationIsVisible = 0;
			defaultConfigurationName = Release;
		};
		A271B8731F6E305F00401C54 /* Build configuration list for PBXNativeTarget "sample" */ = {
			isa = XCConfigurationList;
			buildConfigurations = (
				A271B8741F6E305F00401C54 /* Debug */,
				A271B8751F6E305F00401C54 /* Release */,
			);
			defaultConfigurationIsVisible = 0;
			defaultConfigurationName = Release;
		};
/* End XCConfigurationList section */
	};
	rootObject = A271B8591F6E305F00401C54 /* Project object */;
}
